Microsoft Visual Studio Solution File, Format Version 12.00
# Visual Studio Version 17
VisualStudioVersion = 17.5.2.0
MinimumVisualStudioVersion = 10.0.40219.1
Project("{FAE04EC0-301F-11D3-BF4B-00C04F79EFBC}") = "Shared", "Shared\Shared.csproj", "{22F72E50-B86A-48A6-4252-6FDC98C636E8}"
EndProject
Project("{2150E333-8FDC-42A3-9474-1A3956D46DE8}") = "API-Gateway", "API-Gateway", "{D5740E39-79EC-8D71-EBC3-DD458F48E25C}"
EndProject
Project("{2150E333-8FDC-42A3-9474-1A3956D46DE8}") = "BuildingBlocks", "BuildingBlocks", "{7266C4A9-E384-DC00-0EB6-47F6002CFBA7}"
EndProject
Project("{2150E333-8FDC-42A3-9474-1A3956D46DE8}") = "Services", "Services", "{5854FF58-B8C5-05C6-5BF2-ACE42193F22B}"
EndProject
Project("{FAE04EC0-301F-11D3-BF4B-00C04F79EFBC}") = "EatOClock.Gateway", "API-Gateway\EatOClock.Gateway\EatOClock.Gateway.csproj", "{E4C487E7-B800-292C-A4DA-381EF7918B73}"
EndProject
Project("{FAE04EC0-301F-11D3-BF4B-00C04F79EFBC}") = "Authentication", "BuildingBlocks\Authentication\Authentication.csproj", "{FE0EEF07-65E7-F66B-C778-20D824B2D622}"
EndProject
Project("{FAE04EC0-301F-11D3-BF4B-00C04F79EFBC}") = "Caching", "BuildingBlocks\Caching\Caching.csproj", "{61663C8A-0951-440A-0552-29A7085C996A}"
EndProject
Project("{FAE04EC0-301F-11D3-BF4B-00C04F79EFBC}") = "HealthChecks", "BuildingBlocks\HealthChecks\HealthChecks.csproj", "{840E03E5-B62E-3F8B-4324-E3109ABA4E9B}"
EndProject
Project("{FAE04EC0-301F-11D3-BF4B-00C04F79EFBC}") = "Logging", "BuildingBlocks\Logging\Logging.csproj", "{58A0C0DA-5B2A-2A57-4119-FDA8CDA586FC}"
EndProject
Project("{FAE04EC0-301F-11D3-BF4B-00C04F79EFBC}") = "Auth-Service", "Services\Auth_Service\Auth-Service.csproj", "{69EFEFF4-0731-2DDE-F78C-85EEB207B54F}"
EndProject
Project("{FAE04EC0-301F-11D3-BF4B-00C04F79EFBC}") = "Order-Service", "Services\Order_Service\Order-Service.csproj", "{A1B2C3D4-E5F6-7890-ABCD-EF1234567890}"
EndProject
Project("{2150E333-8FDC-42A3-9474-1A3956D46DE8}") = "Tests", "Tests", "{4B94B95D-3AFD-4E11-8F7E-D2C4D327B386}"
EndProject
Project("{FAE04EC0-301F-11D3-BF4B-00C04F79EFBC}") = "EatOClock.Tests", "Tests\EatOClock.Tests\EatOClock.Tests.csproj", "{CF6FB1DB-52D8-404F-A1B2-741AF62DFBCF}"
EndProject
Global
	GlobalSection(SolutionConfigurationPlatforms) = preSolution
		Debug|Any CPU = Debug|Any CPU
		Release|Any CPU = Release|Any CPU
	EndGlobalSection
	GlobalSection(ProjectConfigurationPlatforms) = postSolution
		{22F72E50-B86A-48A6-4252-6FDC98C636E8}.Debug|Any CPU.ActiveCfg = Debug|Any CPU
		{22F72E50-B86A-48A6-4252-6FDC98C636E8}.Debug|Any CPU.Build.0 = Debug|Any CPU
		{22F72E50-B86A-48A6-4252-6FDC98C636E8}.Release|Any CPU.ActiveCfg = Release|Any CPU
		{22F72E50-B86A-48A6-4252-6FDC98C636E8}.Release|Any CPU.Build.0 = Release|Any CPU
		{E4C487E7-B800-292C-A4DA-381EF7918B73}.Debug|Any CPU.ActiveCfg = Debug|Any CPU
		{E4C487E7-B800-292C-A4DA-381EF7918B73}.Debug|Any CPU.Build.0 = Debug|Any CPU
		{E4C487E7-B800-292C-A4DA-381EF7918B73}.Release|Any CPU.ActiveCfg = Release|Any CPU
		{E4C487E7-B800-292C-A4DA-381EF7918B73}.Release|Any CPU.Build.0 = Release|Any CPU
		{FE0EEF07-65E7-F66B-C778-20D824B2D622}.Debug|Any CPU.ActiveCfg = Debug|Any CPU
		{FE0EEF07-65E7-F66B-C778-20D824B2D622}.Debug|Any CPU.Build.0 = Debug|Any CPU
		{FE0EEF07-65E7-F66B-C778-20D824B2D622}.Release|Any CPU.ActiveCfg = Release|Any CPU
		{FE0EEF07-65E7-F66B-C778-20D824B2D622}.Release|Any CPU.Build.0 = Release|Any CPU
		{61663C8A-0951-440A-0552-29A7085C996A}.Debug|Any CPU.ActiveCfg = Debug|Any CPU
		{61663C8A-0951-440A-0552-29A7085C996A}.Debug|Any CPU.Build.0 = Debug|Any CPU
		{61663C8A-0951-440A-0552-29A7085C996A}.Release|Any CPU.ActiveCfg = Release|Any CPU
		{61663C8A-0951-440A-0552-29A7085C996A}.Release|Any CPU.Build.0 = Release|Any CPU
		{B7E6D0E7-E6BC-DEE9-9C68-7E83CD8D24E9}.Debug|Any CPU.ActiveCfg = Debug|Any CPU
		{B7E6D0E7-E6BC-DEE9-9C68-7E83CD8D24E9}.Debug|Any CPU.Build.0 = Debug|Any CPU
		{B7E6D0E7-E6BC-DEE9-9C68-7E83CD8D24E9}.Release|Any CPU.ActiveCfg = Release|Any CPU
		{B7E6D0E7-E6BC-DEE9-9C68-7E83CD8D24E9}.Release|Any CPU.Build.0 = Release|Any CPU
		{840E03E5-B62E-3F8B-4324-E3109ABA4E9B}.Debug|Any CPU.ActiveCfg = Debug|Any CPU
		{840E03E5-B62E-3F8B-4324-E3109ABA4E9B}.Debug|Any CPU.Build.0 = Debug|Any CPU
		{840E03E5-B62E-3F8B-4324-E3109ABA4E9B}.Release|Any CPU.ActiveCfg = Release|Any CPU
		{840E03E5-B62E-3F8B-4324-E3109ABA4E9B}.Release|Any CPU.Build.0 = Release|Any CPU
		{58A0C0DA-5B2A-2A57-4119-FDA8CDA586FC}.Debug|Any CPU.ActiveCfg = Debug|Any CPU
		{58A0C0DA-5B2A-2A57-4119-FDA8CDA586FC}.Debug|Any CPU.Build.0 = Debug|Any CPU
		{58A0C0DA-5B2A-2A57-4119-FDA8CDA586FC}.Release|Any CPU.ActiveCfg = Release|Any CPU
		{58A0C0DA-5B2A-2A57-4119-FDA8CDA586FC}.Release|Any CPU.Build.0 = Release|Any CPU
		{69EFEFF4-0731-2DDE-F78C-85EEB207B54F}.Debug|Any CPU.ActiveCfg = Debug|Any CPU
		{69EFEFF4-0731-2DDE-F78C-85EEB207B54F}.Debug|Any CPU.Build.0 = Debug|Any CPU
		{69EFEFF4-0731-2DDE-F78C-85EEB207B54F}.Release|Any CPU.ActiveCfg = Release|Any CPU
		{69EFEFF4-0731-2DDE-F78C-85EEB207B54F}.Release|Any CPU.Build.0 = Release|Any CPU
		{A1B2C3D4-E5F6-7890-ABCD-EF1234567890}.Debug|Any CPU.ActiveCfg = Debug|Any CPU
		{A1B2C3D4-E5F6-7890-ABCD-EF1234567890}.Debug|Any CPU.Build.0 = Debug|Any CPU
		{A1B2C3D4-E5F6-7890-ABCD-EF1234567890}.Release|Any CPU.ActiveCfg = Release|Any CPU
		{A1B2C3D4-E5F6-7890-ABCD-EF1234567890}.Release|Any CPU.Build.0 = Release|Any CPU
		{CF6FB1DB-52D8-404F-A1B2-741AF62DFBCF}.Debug|Any CPU.ActiveCfg = Debug|Any CPU
		{CF6FB1DB-52D8-404F-A1B2-741AF62DFBCF}.Debug|Any CPU.Build.0 = Debug|Any CPU
		{CF6FB1DB-52D8-404F-A1B2-741AF62DFBCF}.Release|Any CPU.ActiveCfg = Release|Any CPU
		{CF6FB1DB-52D8-404F-A1B2-741AF62DFBCF}.Release|Any CPU.Build.0 = Release|Any CPU
	EndGlobalSection
	GlobalSection(SolutionProperties) = preSolution
		HideSolutionNode = FALSE
	EndGlobalSection
	GlobalSection(NestedProjects) = preSolution
		{E4C487E7-B800-292C-A4DA-381EF7918B73} = {D5740E39-79EC-8D71-EBC3-DD458F48E25C}
		{FE0EEF07-65E7-F66B-C778-20D824B2D622} = {7266C4A9-E384-DC00-0EB6-47F6002CFBA7}
		{61663C8A-0951-440A-0552-29A7085C996A} = {7266C4A9-E384-DC00-0EB6-47F6002CFBA7}
		{840E03E5-B62E-3F8B-4324-E3109ABA4E9B} = {7266C4A9-E384-DC00-0EB6-47F6002CFBA7}
		{58A0C0DA-5B2A-2A57-4119-FDA8CDA586FC} = {7266C4A9-E384-DC00-0EB6-47F6002CFBA7}
		{69EFEFF4-0731-2DDE-F78C-85EEB207B54F} = {5854FF58-B8C5-05C6-5BF2-ACE42193F22B}
		{A1B2C3D4-E5F6-7890-ABCD-EF1234567890} = {5854FF58-B8C5-05C6-5BF2-ACE42193F22B}
		{CF6FB1DB-52D8-404F-A1B2-741AF62DFBCF} = {4B94B95D-3AFD-4E11-8F7E-D2C4D327B386}
	EndGlobalSection
	GlobalSection(ExtensibilityGlobals) = postSolution
		SolutionGuid = {5F353E4F-4654-45BA-BAB5-AC1F61AF0FB7}
	EndGlobalSection
EndGlobal
